{
    "version": 3,
    "terraform_version": "0.9.11",
    "serial": 44,
    "lineage": "dd895881-3753-4415-82fd-1a34960d72f1",
    "modules": [
        {
            "path": [
                "root"
            ],
            "outputs": {},
            "resources": {
                "aws_instance.JMStudiosServer": {
                    "type": "aws_instance",
                    "depends_on": [
                        "aws_key_pair.auth"
                    ],
                    "primary": {
                        "id": "i-0f18e22f4dd25f6d3",
                        "attributes": {
                            "ami": "ami-d732f0b7",
                            "associate_public_ip_address": "true",
                            "availability_zone": "us-west-2b",
                            "disable_api_termination": "false",
                            "ebs_block_device.#": "0",
                            "ebs_optimized": "false",
                            "ephemeral_block_device.#": "0",
                            "iam_instance_profile": "",
                            "id": "i-0f18e22f4dd25f6d3",
                            "instance_state": "running",
                            "instance_type": "t2.micro",
                            "ipv6_addresses.#": "0",
                            "key_name": "jrichardson@jmstudios.net",
                            "monitoring": "false",
                            "network_interface.#": "0",
                            "network_interface_id": "eni-e66220d7",
                            "primary_network_interface_id": "eni-e66220d7",
                            "private_dns": "ip-172-31-35-142.us-west-2.compute.internal",
                            "private_ip": "172.31.35.142",
                            "public_dns": "ec2-34-214-47-75.us-west-2.compute.amazonaws.com",
                            "public_ip": "34.214.47.75",
                            "root_block_device.#": "1",
                            "root_block_device.0.delete_on_termination": "true",
                            "root_block_device.0.iops": "100",
                            "root_block_device.0.volume_size": "8",
                            "root_block_device.0.volume_type": "gp2",
                            "security_groups.#": "0",
                            "source_dest_check": "true",
                            "subnet_id": "subnet-2a22315d",
                            "tags.%": "0",
                            "tenancy": "default",
                            "volume_tags.%": "0",
                            "vpc_security_group_ids.#": "1",
                            "vpc_security_group_ids.1230000812": "sg-bd368cda"
                        },
                        "meta": {
                            "e2bfb730-ecaa-11e6-8f88-34363bc7c4c0": {
                                "create": 600000000000,
                                "delete": 600000000000,
                                "update": 600000000000
                            },
                            "schema_version": "1"
                        },
                        "tainted": true
                    },
                    "deposed": [],
                    "provider": ""
                },
                "aws_key_pair.auth": {
                    "type": "aws_key_pair",
                    "depends_on": [],
                    "primary": {
                        "id": "jrichardson@jmstudios.net",
                        "attributes": {
                            "id": "jrichardson@jmstudios.net",
                            "key_name": "jrichardson@jmstudios.net",
                            "public_key": "ssh-rsa AAAAB3NzaC1yc2EAAAADAQABAAABAQDKol4FBsPBqJQz7Dlsy57ZncQ5qOvEoc9MraqtqZUMpxiKsgVQQrCrQ6WfWCtljQJ5jcAc5t3+10VhkRIBUrbWB70yHlYO/78zz2Nzxcq6uluUqulVPeymqsbJrxzLeXd2riaTnPA3JDsdLVCVpRbypOHiVIOS6CBzlwOnQe+7rQIFn8Ol/IcGOOAvu6XKSY7kQBBK3T7OaZG9hbIYl19ZJzZwBeqUpb8Ilzow3HVT3kfdqX8LEWyhoe/APkvlaF+D5KbwcsMfTvLuy6C+41aHiFS5HD62OvHZZMWryJYuZm3MVhiVtJW/XWE32X+5vmzI6gDwOvEHJdZiodUyU6DL josephrichardson@Josephs-MacBook-Pro-2.local"
                        },
                        "meta": {
                            "schema_version": "1"
                        },
                        "tainted": false
                    },
                    "deposed": [],
                    "provider": ""
                },
                "aws_route53_zone.jmstudio": {
                    "type": "aws_route53_zone",
                    "depends_on": [],
                    "primary": {
                        "id": "Z2CC5Y2ECEALGV",
                        "attributes": {
                            "comment": "Managed by Terraform",
                            "force_destroy": "false",
                            "id": "Z2CC5Y2ECEALGV",
                            "name": "jmstud.io",
                            "name_servers.#": "4",
                            "name_servers.0": "ns-109.awsdns-13.com",
                            "name_servers.1": "ns-1483.awsdns-57.org",
                            "name_servers.2": "ns-1746.awsdns-26.co.uk",
                            "name_servers.3": "ns-741.awsdns-28.net",
                            "tags.%": "0",
                            "zone_id": "Z2CC5Y2ECEALGV"
                        },
                        "meta": {},
                        "tainted": false
                    },
                    "deposed": [],
                    "provider": ""
                },
                "data.aws_vpc.default": {
                    "type": "aws_vpc",
                    "depends_on": [],
                    "primary": {
                        "id": "vpc-0946b36d",
                        "attributes": {
                            "cidr_block": "172.31.0.0/16",
                            "default": "true",
                            "dhcp_options_id": "dopt-f74dd392",
                            "id": "vpc-0946b36d",
                            "instance_tenancy": "default",
                            "state": "available",
                            "tags.%": "1",
                            "tags.Name": "default"
                        },
                        "meta": {},
                        "tainted": false
                    },
                    "deposed": [],
                    "provider": ""
                }
            },
            "depends_on": []
        }
    ]
}
