{
    "version": 3,
    "terraform_version": "0.9.5",
    "serial": 48,
    "lineage": "dd895881-3753-4415-82fd-1a34960d72f1",
    "modules": [
        {
            "path": [
                "root"
            ],
            "outputs": {},
            "resources": {
                "aws_instance.JMStudDOTIOServer": {
                    "type": "aws_instance",
                    "depends_on": [
                        "aws_key_pair.auth"
                    ],
                    "primary": {
                        "id": "i-0cc4538e17bdf16d7",
                        "attributes": {
                            "ami": "ami-d732f0b7",
                            "associate_public_ip_address": "true",
                            "availability_zone": "us-west-2c",
                            "disable_api_termination": "false",
                            "ebs_block_device.#": "0",
                            "ebs_optimized": "false",
                            "ephemeral_block_device.#": "0",
                            "iam_instance_profile": "",
                            "id": "i-0cc4538e17bdf16d7",
                            "instance_state": "running",
                            "instance_type": "t2.micro",
                            "ipv6_address_count": "0",
                            "ipv6_addresses.#": "0",
                            "key_name": "jrichardson@jmstudios.net",
                            "monitoring": "false",
                            "network_interface.#": "0",
                            "network_interface_id": "eni-307a6631",
                            "primary_network_interface_id": "eni-307a6631",
                            "private_dns": "ip-172-31-5-71.us-west-2.compute.internal",
                            "private_ip": "172.31.5.71",
                            "public_dns": "ec2-35-160-38-50.us-west-2.compute.amazonaws.com",
                            "public_ip": "35.160.38.50",
                            "root_block_device.#": "1",
                            "root_block_device.0.delete_on_termination": "true",
                            "root_block_device.0.iops": "100",
                            "root_block_device.0.volume_size": "8",
                            "root_block_device.0.volume_type": "gp2",
                            "security_groups.#": "0",
                            "source_dest_check": "true",
                            "subnet_id": "subnet-23edc37a",
                            "tags.%": "0",
                            "tenancy": "default",
                            "volume_tags.%": "0",
                            "vpc_security_group_ids.#": "1",
                            "vpc_security_group_ids.1230000812": "sg-bd368cda"
                        },
                        "meta": {
                            "schema_version": "1"
                        },
                        "tainted": true
                    },
                    "deposed": [],
                    "provider": ""
                },
                "aws_key_pair.auth": {
                    "type": "aws_key_pair",
                    "depends_on": [],
                    "primary": {
                        "id": "jrichardson@jmstudios.net",
                        "attributes": {
                            "id": "jrichardson@jmstudios.net",
                            "key_name": "jrichardson@jmstudios.net",
                            "public_key": "ssh-rsa AAAAB3NzaC1yc2EAAAADAQABAAABAQCZy0j2Txkwkt/JSi7wNnh859S5e+TYIpPVOVi3YlWtn9hlBs1svfAIEHK9DbvGPtLVy5KOtfrJ4RYrjxi+Gg+LgPvwiEHYMeKKfoFb/oKlsga6wS2ykvAEVFQbTxDySx7IaYShuO5tKIkHbv5Pw2anzQ15ThhCShzEqctR+Pa4rmu2/B3+XjiCto6As7FzTmKmU5rdATdPJw/nCcFyRyyY7JUEubdCoQxocLYP3nG/HOK/cinTJB7L/Zrbyep+C3b8KxQT6skolYxNHa4x1TaQ24wr8oTha6bIY3Gz8jFRdBpRhMQRHE+IkXqxzCFQkD5TC7sKJL2YI/cddq5PG6y3 jrichardson@jmstudios.net"
                        },
                        "meta": {
                            "schema_version": "1"
                        },
                        "tainted": false
                    },
                    "deposed": [],
                    "provider": ""
                },
                "aws_route53_record.dns": {
                    "type": "aws_route53_record",
                    "depends_on": [
                        "aws_route53_zone.main"
                    ],
                    "primary": {
                        "id": "Z1UHSWXX65EHXK_jmstud.io_NS",
                        "attributes": {
                            "fqdn": "jmstud.io",
                            "health_check_id": "",
                            "id": "Z1UHSWXX65EHXK_jmstud.io_NS",
                            "name": "jmstud.io",
                            "records.#": "4",
                            "records.1638979185": "ns-2035.awsdns-62.co.uk",
                            "records.2335012449": "ns-254.awsdns-31.com",
                            "records.3215850465": "ns-1069.awsdns-05.org",
                            "records.3564893905": "ns-789.awsdns-34.net",
                            "set_identifier": "",
                            "ttl": "30",
                            "type": "NS",
                            "zone_id": "Z1UHSWXX65EHXK"
                        },
                        "meta": {
                            "schema_version": "2"
                        },
                        "tainted": false
                    },
                    "deposed": [],
                    "provider": ""
                },
                "aws_route53_zone.main": {
                    "type": "aws_route53_zone",
                    "depends_on": [],
                    "primary": {
                        "id": "Z1UHSWXX65EHXK",
                        "attributes": {
                            "comment": "Managed by Terraform",
                            "force_destroy": "false",
                            "id": "Z1UHSWXX65EHXK",
                            "name": "jmstud.io",
                            "name_servers.#": "4",
                            "name_servers.0": "ns-1069.awsdns-05.org",
                            "name_servers.1": "ns-2035.awsdns-62.co.uk",
                            "name_servers.2": "ns-254.awsdns-31.com",
                            "name_servers.3": "ns-789.awsdns-34.net",
                            "tags.%": "1",
                            "tags.Environment": "dev",
                            "zone_id": "Z1UHSWXX65EHXK"
                        },
                        "meta": {},
                        "tainted": false
                    },
                    "deposed": [],
                    "provider": ""
                },
                "aws_security_group.default": {
                    "type": "aws_security_group",
                    "depends_on": [],
                    "primary": {
                        "id": "sg-04cd6f7e",
                        "attributes": {
                            "description": "Used in website somehow",
                            "egress.#": "1",
                            "egress.482069346.cidr_blocks.#": "1",
                            "egress.482069346.cidr_blocks.0": "0.0.0.0/0",
                            "egress.482069346.from_port": "0",
                            "egress.482069346.ipv6_cidr_blocks.#": "0",
                            "egress.482069346.prefix_list_ids.#": "0",
                            "egress.482069346.protocol": "-1",
                            "egress.482069346.security_groups.#": "0",
                            "egress.482069346.self": "false",
                            "egress.482069346.to_port": "0",
                            "id": "sg-04cd6f7e",
                            "ingress.#": "4",
                            "ingress.2214680975.cidr_blocks.#": "1",
                            "ingress.2214680975.cidr_blocks.0": "0.0.0.0/0",
                            "ingress.2214680975.from_port": "80",
                            "ingress.2214680975.ipv6_cidr_blocks.#": "0",
                            "ingress.2214680975.protocol": "tcp",
                            "ingress.2214680975.security_groups.#": "0",
                            "ingress.2214680975.self": "false",
                            "ingress.2214680975.to_port": "80",
                            "ingress.2541437006.cidr_blocks.#": "1",
                            "ingress.2541437006.cidr_blocks.0": "0.0.0.0/0",
                            "ingress.2541437006.from_port": "22",
                            "ingress.2541437006.ipv6_cidr_blocks.#": "0",
                            "ingress.2541437006.protocol": "tcp",
                            "ingress.2541437006.security_groups.#": "0",
                            "ingress.2541437006.self": "false",
                            "ingress.2541437006.to_port": "22",
                            "ingress.2617001939.cidr_blocks.#": "1",
                            "ingress.2617001939.cidr_blocks.0": "0.0.0.0/0",
                            "ingress.2617001939.from_port": "443",
                            "ingress.2617001939.ipv6_cidr_blocks.#": "0",
                            "ingress.2617001939.protocol": "tcp",
                            "ingress.2617001939.security_groups.#": "0",
                            "ingress.2617001939.self": "false",
                            "ingress.2617001939.to_port": "443",
                            "ingress.516175195.cidr_blocks.#": "1",
                            "ingress.516175195.cidr_blocks.0": "0.0.0.0/0",
                            "ingress.516175195.from_port": "8080",
                            "ingress.516175195.ipv6_cidr_blocks.#": "0",
                            "ingress.516175195.protocol": "tcp",
                            "ingress.516175195.security_groups.#": "0",
                            "ingress.516175195.self": "false",
                            "ingress.516175195.to_port": "8080",
                            "name": "jmstudios_security_group",
                            "owner_id": "545381090203",
                            "tags.%": "0",
                            "vpc_id": "vpc-0946b36d"
                        },
                        "meta": {},
                        "tainted": false
                    },
                    "deposed": [],
                    "provider": ""
                }
            },
            "depends_on": []
        }
    ]
}
